
Microsoft Visual Studio Solution File, Format Version 12.00
# Visual Studio 15
VisualStudioVersion = 15.0.26228.4
MinimumVisualStudioVersion = 10.0.40219.1
Project("{FAE04EC0-301F-11D3-BF4B-00C04F79EFBC}") = "Colossus", "src\Colossus\Colossus.csproj", "{69DEA59C-074A-4825-9A7C-1D83E38D38DB}"
EndProject
Project("{FAE04EC0-301F-11D3-BF4B-00C04F79EFBC}") = "Colossus.Integration", "src\Colossus.Integration\Colossus.Integration.csproj", "{C5315F53-3F6E-4DCF-A1FC-E4397ECF67C1}"
EndProject
Project("{FAE04EC0-301F-11D3-BF4B-00C04F79EFBC}") = "ExperienceGenerator.Client", "src\ExperienceGenerator.Client\ExperienceGenerator.Client.csproj", "{C1FFDDE2-C451-419C-ACC1-92FCCC027008}"
EndProject
Project("{FAE04EC0-301F-11D3-BF4B-00C04F79EFBC}") = "ExperienceGenerator", "src\ExperienceGenerator\ExperienceGenerator.csproj", "{78D36A52-D0E2-4357-80A2-ED237618AD83}"
EndProject
Project("{2150E333-8FDC-42A3-9474-1A3956D46DE8}") = "Build instructions", "Build instructions", "{5B235030-0420-4D54-AD0C-826EF59AB9E3}"
	ProjectSection(SolutionItems) = preProject
		src\Build instructions.txt = src\Build instructions.txt
		src\publishsettings.targets = src\publishsettings.targets
		src\ExperienceGenerator.Client\App_Config\Include\ExperienceGenerator\zExperienceGenerator.DevSettings.config = src\ExperienceGenerator.Client\App_Config\Include\ExperienceGenerator\zExperienceGenerator.DevSettings.config
	EndProjectSection
EndProject
Project("{FAE04EC0-301F-11D3-BF4B-00C04F79EFBC}") = "AnalyticsUpdater", "src\AnalyticsUpdater\code\AnalyticsUpdater.csproj", "{EE25C5D1-A3E8-4399-A124-5119EEB84EEF}"
EndProject
Global
	GlobalSection(SolutionConfigurationPlatforms) = preSolution
		Debug|Any CPU = Debug|Any CPU
		Release|Any CPU = Release|Any CPU
	EndGlobalSection
	GlobalSection(ProjectConfigurationPlatforms) = postSolution
		{69DEA59C-074A-4825-9A7C-1D83E38D38DB}.Debug|Any CPU.ActiveCfg = Debug|Any CPU
		{69DEA59C-074A-4825-9A7C-1D83E38D38DB}.Debug|Any CPU.Build.0 = Debug|Any CPU
		{69DEA59C-074A-4825-9A7C-1D83E38D38DB}.Release|Any CPU.ActiveCfg = Release|Any CPU
		{69DEA59C-074A-4825-9A7C-1D83E38D38DB}.Release|Any CPU.Build.0 = Release|Any CPU
		{C5315F53-3F6E-4DCF-A1FC-E4397ECF67C1}.Debug|Any CPU.ActiveCfg = Debug|Any CPU
		{C5315F53-3F6E-4DCF-A1FC-E4397ECF67C1}.Debug|Any CPU.Build.0 = Debug|Any CPU
		{C5315F53-3F6E-4DCF-A1FC-E4397ECF67C1}.Release|Any CPU.ActiveCfg = Release|Any CPU
		{C5315F53-3F6E-4DCF-A1FC-E4397ECF67C1}.Release|Any CPU.Build.0 = Release|Any CPU
		{C1FFDDE2-C451-419C-ACC1-92FCCC027008}.Debug|Any CPU.ActiveCfg = Debug|Any CPU
		{C1FFDDE2-C451-419C-ACC1-92FCCC027008}.Debug|Any CPU.Build.0 = Debug|Any CPU
		{C1FFDDE2-C451-419C-ACC1-92FCCC027008}.Release|Any CPU.ActiveCfg = Release|Any CPU
		{C1FFDDE2-C451-419C-ACC1-92FCCC027008}.Release|Any CPU.Build.0 = Release|Any CPU
		{78D36A52-D0E2-4357-80A2-ED237618AD83}.Debug|Any CPU.ActiveCfg = Debug|Any CPU
		{78D36A52-D0E2-4357-80A2-ED237618AD83}.Debug|Any CPU.Build.0 = Debug|Any CPU
		{78D36A52-D0E2-4357-80A2-ED237618AD83}.Release|Any CPU.ActiveCfg = Release|Any CPU
		{78D36A52-D0E2-4357-80A2-ED237618AD83}.Release|Any CPU.Build.0 = Release|Any CPU
		{EE25C5D1-A3E8-4399-A124-5119EEB84EEF}.Debug|Any CPU.ActiveCfg = Debug|Any CPU
		{EE25C5D1-A3E8-4399-A124-5119EEB84EEF}.Debug|Any CPU.Build.0 = Debug|Any CPU
		{EE25C5D1-A3E8-4399-A124-5119EEB84EEF}.Release|Any CPU.ActiveCfg = Release|Any CPU
		{EE25C5D1-A3E8-4399-A124-5119EEB84EEF}.Release|Any CPU.Build.0 = Release|Any CPU
	EndGlobalSection
	GlobalSection(SolutionProperties) = preSolution
		HideSolutionNode = FALSE
	EndGlobalSection
EndGlobal
